
Microsoft Visual Studio Solution File, Format Version 12.00
# Visual Studio Version 17
VisualStudioVersion = 17.14.36301.6 d17.14
MinimumVisualStudioVersion = 10.0.40219.1
Project("{FAE04EC0-301F-11D3-BF4B-00C04F79EFBC}") = "ICS4U Topic 6", "ICS4U Topic 6\ICS4U Topic 6.csproj", "{A3DC1C50-C5BE-4E81-9733-E6F3C4BF7C0A}"
EndProject
Global
	GlobalSection(SolutionConfigurationPlatforms) = preSolution
		Debug|Any CPU = Debug|Any CPU
		Release|Any CPU = Release|Any CPU
	EndGlobalSection
	GlobalSection(ProjectConfigurationPlatforms) = postSolution
		{A3DC1C50-C5BE-4E81-9733-E6F3C4BF7C0A}.Debug|Any CPU.ActiveCfg = Debug|Any CPU
		{A3DC1C50-C5BE-4E81-9733-E6F3C4BF7C0A}.Debug|Any CPU.Build.0 = Debug|Any CPU
		{A3DC1C50-C5BE-4E81-9733-E6F3C4BF7C0A}.Release|Any CPU.ActiveCfg = Release|Any CPU
		{A3DC1C50-C5BE-4E81-9733-E6F3C4BF7C0A}.Release|Any CPU.Build.0 = Release|Any CPU
	EndGlobalSection
	GlobalSection(SolutionProperties) = preSolution
		HideSolutionNode = FALSE
	EndGlobalSection
	GlobalSection(ExtensibilityGlobals) = postSolution
		SolutionGuid = {5709C115-4B07-40FD-9F5F-A2EA5074072F}
	EndGlobalSection
EndGlobal
